
Microsoft Visual Studio Solution File, Format Version 12.00
# Visual Studio Version 17
VisualStudioVersion = 17.2.32630.192
MinimumVisualStudioVersion = 10.0.40219.1
Project("{FAE04EC0-301F-11D3-BF4B-00C04F79EFBC}") = "PayMentRESTService", "PayMentRESTService\PayMentRESTService.csproj", "{3302BB99-A0FE-43B7-B6FB-8B94FF45EE9D}"
EndProject
Global
	GlobalSection(SolutionConfigurationPlatforms) = preSolution
		Debug|Any CPU = Debug|Any CPU
		Release|Any CPU = Release|Any CPU
	EndGlobalSection
	GlobalSection(ProjectConfigurationPlatforms) = postSolution
		{3302BB99-A0FE-43B7-B6FB-8B94FF45EE9D}.Debug|Any CPU.ActiveCfg = Debug|Any CPU
		{3302BB99-A0FE-43B7-B6FB-8B94FF45EE9D}.Debug|Any CPU.Build.0 = Debug|Any CPU
		{3302BB99-A0FE-43B7-B6FB-8B94FF45EE9D}.Release|Any CPU.ActiveCfg = Release|Any CPU
		{3302BB99-A0FE-43B7-B6FB-8B94FF45EE9D}.Release|Any CPU.Build.0 = Release|Any CPU
	EndGlobalSection
	GlobalSection(SolutionProperties) = preSolution
		HideSolutionNode = FALSE
	EndGlobalSection
	GlobalSection(ExtensibilityGlobals) = postSolution
		SolutionGuid = {2F156C9E-803A-4116-AE48-67E65829C833}
	EndGlobalSection
EndGlobal
